
Microsoft Visual Studio Solution File, Format Version 12.00
# Visual Studio Version 17
VisualStudioVersion = 17.2.32802.462
MinimumVisualStudioVersion = 10.0.40219.1
Project("{FAE04EC0-301F-11D3-BF4B-00C04F79EFBC}") = "rmapp", "rmapp\rmapp.csproj", "{C731863E-061A-4B1D-B3FD-C2BBC8E3614C}"
EndProject
Global
	GlobalSection(SolutionConfigurationPlatforms) = preSolution
		Debug|Any CPU = Debug|Any CPU
		Release|Any CPU = Release|Any CPU
	EndGlobalSection
	GlobalSection(ProjectConfigurationPlatforms) = postSolution
		{C731863E-061A-4B1D-B3FD-C2BBC8E3614C}.Debug|Any CPU.ActiveCfg = Debug|Any CPU
		{C731863E-061A-4B1D-B3FD-C2BBC8E3614C}.Debug|Any CPU.Build.0 = Debug|Any CPU
		{C731863E-061A-4B1D-B3FD-C2BBC8E3614C}.Release|Any CPU.ActiveCfg = Release|Any CPU
		{C731863E-061A-4B1D-B3FD-C2BBC8E3614C}.Release|Any CPU.Build.0 = Release|Any CPU
	EndGlobalSection
	GlobalSection(SolutionProperties) = preSolution
		HideSolutionNode = FALSE
	EndGlobalSection
	GlobalSection(ExtensibilityGlobals) = postSolution
		SolutionGuid = {744BD0FC-7976-4DFD-A7EE-E4A94B54C42E}
	EndGlobalSection
EndGlobal
